
Microsoft Visual Studio Solution File, Format Version 12.00
# Visual Studio 15
VisualStudioVersion = 15.0.26430.6
MinimumVisualStudioVersion = 10.0.40219.1
Project("{2150E333-8FDC-42A3-9474-1A3956D46DE8}") = "src", "src", "{73D06D1F-F7EC-490C-9DAA-37BD3FC1CCA7}"
EndProject
Project("{2150E333-8FDC-42A3-9474-1A3956D46DE8}") = "test", "test", "{1FA57276-297A-4256-A9F2-8C14F2D863D1}"
EndProject
Project("{FAE04EC0-301F-11D3-BF4B-00C04F79EFBC}") = "JewelryBox.Infrastructure", "src\JewelryBox.Infrastructure\JewelryBox.Infrastructure.csproj", "{EF439BD1-0B6E-4E93-B97A-4592BAE80032}"
EndProject
Project("{FAE04EC0-301F-11D3-BF4B-00C04F79EFBC}") = "JewelryBox.Main", "src\JewelryBox.Main\JewelryBox.Main.csproj", "{CE973852-3E4D-4D52-B4AA-8DFF3D4FDC2B}"
EndProject
Global
	GlobalSection(SolutionConfigurationPlatforms) = preSolution
		Debug|Any CPU = Debug|Any CPU
		Release|Any CPU = Release|Any CPU
	EndGlobalSection
	GlobalSection(ProjectConfigurationPlatforms) = postSolution
		{EF439BD1-0B6E-4E93-B97A-4592BAE80032}.Debug|Any CPU.ActiveCfg = Debug|Any CPU
		{EF439BD1-0B6E-4E93-B97A-4592BAE80032}.Debug|Any CPU.Build.0 = Debug|Any CPU
		{EF439BD1-0B6E-4E93-B97A-4592BAE80032}.Release|Any CPU.ActiveCfg = Release|Any CPU
		{EF439BD1-0B6E-4E93-B97A-4592BAE80032}.Release|Any CPU.Build.0 = Release|Any CPU
		{CE973852-3E4D-4D52-B4AA-8DFF3D4FDC2B}.Debug|Any CPU.ActiveCfg = Debug|Any CPU
		{CE973852-3E4D-4D52-B4AA-8DFF3D4FDC2B}.Debug|Any CPU.Build.0 = Debug|Any CPU
		{CE973852-3E4D-4D52-B4AA-8DFF3D4FDC2B}.Release|Any CPU.ActiveCfg = Release|Any CPU
		{CE973852-3E4D-4D52-B4AA-8DFF3D4FDC2B}.Release|Any CPU.Build.0 = Release|Any CPU
	EndGlobalSection
	GlobalSection(SolutionProperties) = preSolution
		HideSolutionNode = FALSE
	EndGlobalSection
	GlobalSection(NestedProjects) = preSolution
		{EF439BD1-0B6E-4E93-B97A-4592BAE80032} = {73D06D1F-F7EC-490C-9DAA-37BD3FC1CCA7}
		{CE973852-3E4D-4D52-B4AA-8DFF3D4FDC2B} = {73D06D1F-F7EC-490C-9DAA-37BD3FC1CCA7}
	EndGlobalSection
EndGlobal
